# This file is automatically @generated by Cargo.
# It is not intended for manual editing.
version = 3

[[package]]
name = "gsxdb-bridge"
version = "0.0.1"
dependencies = [
 "gsxdb-state",
]

[[package]]
name = "gsxdb-lane"
version = "0.0.1"
dependencies = [
 "gsxdb-bridge",
]

[[package]]
name = "gsxdb-state"
version = "0.0.1"
